
Microsoft Visual Studio Solution File, Format Version 12.00
# Visual Studio Version 17
VisualStudioVersion = 17.3.32929.385
MinimumVisualStudioVersion = 10.0.40219.1
Project("{FAE04EC0-301F-11D3-BF4B-00C04F79EFBC}") = "nombre_premier", "nombre_premier\nombre_premier.csproj", "{EC69E1F4-2C94-4063-9D62-0EE4B28CE63E}"
EndProject
Global
	GlobalSection(SolutionConfigurationPlatforms) = preSolution
		Debug|Any CPU = Debug|Any CPU
		Release|Any CPU = Release|Any CPU
	EndGlobalSection
	GlobalSection(ProjectConfigurationPlatforms) = postSolution
		{EC69E1F4-2C94-4063-9D62-0EE4B28CE63E}.Debug|Any CPU.ActiveCfg = Debug|Any CPU
		{EC69E1F4-2C94-4063-9D62-0EE4B28CE63E}.Debug|Any CPU.Build.0 = Debug|Any CPU
		{EC69E1F4-2C94-4063-9D62-0EE4B28CE63E}.Release|Any CPU.ActiveCfg = Release|Any CPU
		{EC69E1F4-2C94-4063-9D62-0EE4B28CE63E}.Release|Any CPU.Build.0 = Release|Any CPU
	EndGlobalSection
	GlobalSection(SolutionProperties) = preSolution
		HideSolutionNode = FALSE
	EndGlobalSection
	GlobalSection(ExtensibilityGlobals) = postSolution
		SolutionGuid = {6B6105A1-CB1C-4592-99DB-EEC2A08236B2}
	EndGlobalSection
EndGlobal
